// !$*UTF8*$!
{
	archiveVersion = 1;
	classes = {
	};
	objectVersion = 56;
	objects = {

/* Begin PBXBuildFile section */
		84C4663B2AF8ED8C003DF1CA /* AppDelegate.swift in Sources */ = {isa = PBXBuildFile; fileRef = 84C4663A2AF8ED8C003DF1CA /* AppDelegate.swift */; };
		84C4663D2AF8ED8C003DF1CA /* SceneDelegate.swift in Sources */ = {isa = PBXBuildFile; fileRef = 84C4663C2AF8ED8C003DF1CA /* SceneDelegate.swift */; };
		84C466442AF8ED8F003DF1CA /* Assets.xcassets in Resources */ = {isa = PBXBuildFile; fileRef = 84C466432AF8ED8F003DF1CA /* Assets.xcassets */; };
		84C466472AF8ED8F003DF1CA /* LaunchScreen.storyboard in Resources */ = {isa = PBXBuildFile; fileRef = 84C466452AF8ED8F003DF1CA /* LaunchScreen.storyboard */; };
		84C466502AF8F326003DF1CA /* NewsListViewController.swift in Sources */ = {isa = PBXBuildFile; fileRef = 84C4664F2AF8F326003DF1CA /* NewsListViewController.swift */; };
		84C466522AF92166003DF1CA /* NewsListView.swift in Sources */ = {isa = PBXBuildFile; fileRef = 84C466512AF92166003DF1CA /* NewsListView.swift */; };
		84C466542AF92660003DF1CA /* Colors.swift in Sources */ = {isa = PBXBuildFile; fileRef = 84C466532AF92660003DF1CA /* Colors.swift */; };
		84C466562AF927C1003DF1CA /* MainTabBarController.swift in Sources */ = {isa = PBXBuildFile; fileRef = 84C466552AF927C1003DF1CA /* MainTabBarController.swift */; };
		84C4665C2AF92D46003DF1CA /* MyNewsViewController.swift in Sources */ = {isa = PBXBuildFile; fileRef = 84C4665B2AF92D46003DF1CA /* MyNewsViewController.swift */; };
		84C4665E2AF92D7D003DF1CA /* MyNewsView.swift in Sources */ = {isa = PBXBuildFile; fileRef = 84C4665D2AF92D7D003DF1CA /* MyNewsView.swift */; };
		84C466602AF92D99003DF1CA /* SavedViewController.swift in Sources */ = {isa = PBXBuildFile; fileRef = 84C4665F2AF92D99003DF1CA /* SavedViewController.swift */; };
		84C466622AF92DB0003DF1CA /* SavedView.swift in Sources */ = {isa = PBXBuildFile; fileRef = 84C466612AF92DB0003DF1CA /* SavedView.swift */; };
		84C466642AF92DCB003DF1CA /* SettingViewController.swift in Sources */ = {isa = PBXBuildFile; fileRef = 84C466632AF92DCB003DF1CA /* SettingViewController.swift */; };
		84C466662AF92DE0003DF1CA /* SettingView.swift in Sources */ = {isa = PBXBuildFile; fileRef = 84C466652AF92DE0003DF1CA /* SettingView.swift */; };
/* End PBXBuildFile section */

/* Begin PBXFileReference section */
		84C466372AF8ED8C003DF1CA /* NewsApp.app */ = {isa = PBXFileReference; explicitFileType = wrapper.application; includeInIndex = 0; path = NewsApp.app; sourceTree = BUILT_PRODUCTS_DIR; };
		84C4663A2AF8ED8C003DF1CA /* AppDelegate.swift */ = {isa = PBXFileReference; lastKnownFileType = sourcecode.swift; path = AppDelegate.swift; sourceTree = "<group>"; };
		84C4663C2AF8ED8C003DF1CA /* SceneDelegate.swift */ = {isa = PBXFileReference; lastKnownFileType = sourcecode.swift; path = SceneDelegate.swift; sourceTree = "<group>"; };
		84C466432AF8ED8F003DF1CA /* Assets.xcassets */ = {isa = PBXFileReference; lastKnownFileType = folder.assetcatalog; path = Assets.xcassets; sourceTree = "<group>"; };
		84C466462AF8ED8F003DF1CA /* Base */ = {isa = PBXFileReference; lastKnownFileType = file.storyboard; name = Base; path = Base.lproj/LaunchScreen.storyboard; sourceTree = "<group>"; };
		84C466482AF8ED8F003DF1CA /* Info.plist */ = {isa = PBXFileReference; lastKnownFileType = text.plist.xml; path = Info.plist; sourceTree = "<group>"; };
		84C4664F2AF8F326003DF1CA /* NewsListViewController.swift */ = {isa = PBXFileReference; lastKnownFileType = sourcecode.swift; path = NewsListViewController.swift; sourceTree = "<group>"; };
		84C466512AF92166003DF1CA /* NewsListView.swift */ = {isa = PBXFileReference; lastKnownFileType = sourcecode.swift; path = NewsListView.swift; sourceTree = "<group>"; };
		84C466532AF92660003DF1CA /* Colors.swift */ = {isa = PBXFileReference; lastKnownFileType = sourcecode.swift; path = Colors.swift; sourceTree = "<group>"; };
		84C466552AF927C1003DF1CA /* MainTabBarController.swift */ = {isa = PBXFileReference; lastKnownFileType = sourcecode.swift; path = MainTabBarController.swift; sourceTree = "<group>"; };
		84C4665B2AF92D46003DF1CA /* MyNewsViewController.swift */ = {isa = PBXFileReference; lastKnownFileType = sourcecode.swift; path = MyNewsViewController.swift; sourceTree = "<group>"; };
		84C4665D2AF92D7D003DF1CA /* MyNewsView.swift */ = {isa = PBXFileReference; lastKnownFileType = sourcecode.swift; path = MyNewsView.swift; sourceTree = "<group>"; };
		84C4665F2AF92D99003DF1CA /* SavedViewController.swift */ = {isa = PBXFileReference; lastKnownFileType = sourcecode.swift; path = SavedViewController.swift; sourceTree = "<group>"; };
		84C466612AF92DB0003DF1CA /* SavedView.swift */ = {isa = PBXFileReference; lastKnownFileType = sourcecode.swift; path = SavedView.swift; sourceTree = "<group>"; };
		84C466632AF92DCB003DF1CA /* SettingViewController.swift */ = {isa = PBXFileReference; lastKnownFileType = sourcecode.swift; path = SettingViewController.swift; sourceTree = "<group>"; };
		84C466652AF92DE0003DF1CA /* SettingView.swift */ = {isa = PBXFileReference; lastKnownFileType = sourcecode.swift; path = SettingView.swift; sourceTree = "<group>"; };
/* End PBXFileReference section */

/* Begin PBXFrameworksBuildPhase section */
		84C466342AF8ED8C003DF1CA /* Frameworks */ = {
			isa = PBXFrameworksBuildPhase;
			buildActionMask = 2147483647;
			files = (
			);
			runOnlyForDeploymentPostprocessing = 0;
		};
/* End PBXFrameworksBuildPhase section */

/* Begin PBXGroup section */
		84C4662E2AF8ED8C003DF1CA = {
			isa = PBXGroup;
			children = (
				84C466392AF8ED8C003DF1CA /* NewsApp */,
				84C466382AF8ED8C003DF1CA /* Products */,
			);
			sourceTree = "<group>";
		};
		84C466382AF8ED8C003DF1CA /* Products */ = {
			isa = PBXGroup;
			children = (
				84C466372AF8ED8C003DF1CA /* NewsApp.app */,
			);
			name = Products;
			sourceTree = "<group>";
		};
		84C466392AF8ED8C003DF1CA /* NewsApp */ = {
			isa = PBXGroup;
			children = (
				84C4665A2AF92C9B003DF1CA /* Setting */,
				84C466592AF92C85003DF1CA /* Saved */,
				84C466582AF92C70003DF1CA /* MyNews */,
				84C4664E2AF8F2B3003DF1CA /* NewsList */,
				84C4663A2AF8ED8C003DF1CA /* AppDelegate.swift */,
				84C4663C2AF8ED8C003DF1CA /* SceneDelegate.swift */,
				84C466432AF8ED8F003DF1CA /* Assets.xcassets */,
				84C466452AF8ED8F003DF1CA /* LaunchScreen.storyboard */,
				84C466482AF8ED8F003DF1CA /* Info.plist */,
				84C466532AF92660003DF1CA /* Colors.swift */,
				84C466552AF927C1003DF1CA /* MainTabBarController.swift */,
			);
			path = NewsApp;
			sourceTree = "<group>";
		};
		84C4664E2AF8F2B3003DF1CA /* NewsList */ = {
			isa = PBXGroup;
			children = (
				84C4664F2AF8F326003DF1CA /* NewsListViewController.swift */,
				84C466512AF92166003DF1CA /* NewsListView.swift */,
			);
			path = NewsList;
			sourceTree = "<group>";
		};
		84C466582AF92C70003DF1CA /* MyNews */ = {
			isa = PBXGroup;
			children = (
				84C4665B2AF92D46003DF1CA /* MyNewsViewController.swift */,
				84C4665D2AF92D7D003DF1CA /* MyNewsView.swift */,
			);
			path = MyNews;
			sourceTree = "<group>";
		};
		84C466592AF92C85003DF1CA /* Saved */ = {
			isa = PBXGroup;
			children = (
				84C4665F2AF92D99003DF1CA /* SavedViewController.swift */,
				84C466612AF92DB0003DF1CA /* SavedView.swift */,
			);
			path = Saved;
			sourceTree = "<group>";
		};
		84C4665A2AF92C9B003DF1CA /* Setting */ = {
			isa = PBXGroup;
			children = (
				84C466632AF92DCB003DF1CA /* SettingViewController.swift */,
				84C466652AF92DE0003DF1CA /* SettingView.swift */,
			);
			path = Setting;
			sourceTree = "<group>";
		};
/* End PBXGroup section */

/* Begin PBXNativeTarget section */
		84C466362AF8ED8C003DF1CA /* NewsApp */ = {
			isa = PBXNativeTarget;
			buildConfigurationList = 84C4664B2AF8ED8F003DF1CA /* Build configuration list for PBXNativeTarget "NewsApp" */;
			buildPhases = (
				84C466332AF8ED8C003DF1CA /* Sources */,
				84C466342AF8ED8C003DF1CA /* Frameworks */,
				84C466352AF8ED8C003DF1CA /* Resources */,
			);
			buildRules = (
			);
			dependencies = (
			);
			name = NewsApp;
			productName = NewsApp;
			productReference = 84C466372AF8ED8C003DF1CA /* NewsApp.app */;
			productType = "com.apple.product-type.application";
		};
/* End PBXNativeTarget section */

/* Begin PBXProject section */
		84C4662F2AF8ED8C003DF1CA /* Project object */ = {
			isa = PBXProject;
			attributes = {
				BuildIndependentTargetsInParallel = 1;
				LastSwiftUpdateCheck = 1420;
				LastUpgradeCheck = 1420;
				TargetAttributes = {
					84C466362AF8ED8C003DF1CA = {
						CreatedOnToolsVersion = 14.2;
					};
				};
			};
			buildConfigurationList = 84C466322AF8ED8C003DF1CA /* Build configuration list for PBXProject "NewsApp" */;
			compatibilityVersion = "Xcode 14.0";
			developmentRegion = en;
			hasScannedForEncodings = 0;
			knownRegions = (
				en,
				Base,
			);
			mainGroup = 84C4662E2AF8ED8C003DF1CA;
			productRefGroup = 84C466382AF8ED8C003DF1CA /* Products */;
			projectDirPath = "";
			projectRoot = "";
			targets = (
				84C466362AF8ED8C003DF1CA /* NewsApp */,
			);
		};
/* End PBXProject section */

/* Begin PBXResourcesBuildPhase section */
		84C466352AF8ED8C003DF1CA /* Resources */ = {
			isa = PBXResourcesBuildPhase;
			buildActionMask = 2147483647;
			files = (
				84C466472AF8ED8F003DF1CA /* LaunchScreen.storyboard in Resources */,
				84C466442AF8ED8F003DF1CA /* Assets.xcassets in Resources */,
			);
			runOnlyForDeploymentPostprocessing = 0;
		};
/* End PBXResourcesBuildPhase section */

/* Begin PBXSourcesBuildPhase section */
		84C466332AF8ED8C003DF1CA /* Sources */ = {
			isa = PBXSourcesBuildPhase;
			buildActionMask = 2147483647;
			files = (
				84C466542AF92660003DF1CA /* Colors.swift in Sources */,
				84C466642AF92DCB003DF1CA /* SettingViewController.swift in Sources */,
				84C4665E2AF92D7D003DF1CA /* MyNewsView.swift in Sources */,
				84C466502AF8F326003DF1CA /* NewsListViewController.swift in Sources */,
				84C466602AF92D99003DF1CA /* SavedViewController.swift in Sources */,
				84C4665C2AF92D46003DF1CA /* MyNewsViewController.swift in Sources */,
				84C466562AF927C1003DF1CA /* MainTabBarController.swift in Sources */,
				84C466622AF92DB0003DF1CA /* SavedView.swift in Sources */,
				84C466522AF92166003DF1CA /* NewsListView.swift in Sources */,
				84C466662AF92DE0003DF1CA /* SettingView.swift in Sources */,
				84C4663B2AF8ED8C003DF1CA /* AppDelegate.swift in Sources */,
				84C4663D2AF8ED8C003DF1CA /* SceneDelegate.swift in Sources */,
			);
			runOnlyForDeploymentPostprocessing = 0;
		};
/* End PBXSourcesBuildPhase section */

/* Begin PBXVariantGroup section */
		84C466452AF8ED8F003DF1CA /* LaunchScreen.storyboard */ = {
			isa = PBXVariantGroup;
			children = (
				84C466462AF8ED8F003DF1CA /* Base */,
			);
			name = LaunchScreen.storyboard;
			sourceTree = "<group>";
		};
/* End PBXVariantGroup section */

/* Begin XCBuildConfiguration section */
		84C466492AF8ED8F003DF1CA /* Debug */ = {
			isa = XCBuildConfiguration;
			buildSettings = {
				ALWAYS_SEARCH_USER_PATHS = NO;
				CLANG_ANALYZER_NONNULL = YES;
				CLANG_ANALYZER_NUMBER_OBJECT_CONVERSION = YES_AGGRESSIVE;
				CLANG_CXX_LANGUAGE_STANDARD = "gnu++20";
				CLANG_ENABLE_MODULES = YES;
				CLANG_ENABLE_OBJC_ARC = YES;
				CLANG_ENABLE_OBJC_WEAK = YES;
				CLANG_WARN_BLOCK_CAPTURE_AUTORELEASING = YES;
				CLANG_WARN_BOOL_CONVERSION = YES;
				CLANG_WARN_COMMA = YES;
				CLANG_WARN_CONSTANT_CONVERSION = YES;
				CLANG_WARN_DEPRECATED_OBJC_IMPLEMENTATIONS = YES;
				CLANG_WARN_DIRECT_OBJC_ISA_USAGE = YES_ERROR;
				CLANG_WARN_DOCUMENTATION_COMMENTS = YES;
				CLANG_WARN_EMPTY_BODY = YES;
				CLANG_WARN_ENUM_CONVERSION = YES;
				CLANG_WARN_INFINITE_RECURSION = YES;
				CLANG_WARN_INT_CONVERSION = YES;
				CLANG_WARN_NON_LITERAL_NULL_CONVERSION = YES;
				CLANG_WARN_OBJC_IMPLICIT_RETAIN_SELF = YES;
				CLANG_WARN_OBJC_LITERAL_CONVERSION = YES;
				CLANG_WARN_OBJC_ROOT_CLASS = YES_ERROR;
				CLANG_WARN_QUOTED_INCLUDE_IN_FRAMEWORK_HEADER = YES;
				CLANG_WARN_RANGE_LOOP_ANALYSIS = YES;
				CLANG_WARN_STRICT_PROTOTYPES = YES;
				CLANG_WARN_SUSPICIOUS_MOVE = YES;
				CLANG_WARN_UNGUARDED_AVAILABILITY = YES_AGGRESSIVE;
				CLANG_WARN_UNREACHABLE_CODE = YES;
				CLANG_WARN__DUPLICATE_METHOD_MATCH = YES;
				COPY_PHASE_STRIP = NO;
				DEBUG_INFORMATION_FORMAT = dwarf;
				ENABLE_STRICT_OBJC_MSGSEND = YES;
				ENABLE_TESTABILITY = YES;
				GCC_C_LANGUAGE_STANDARD = gnu11;
				GCC_DYNAMIC_NO_PIC = NO;
				GCC_NO_COMMON_BLOCKS = YES;
				GCC_OPTIMIZATION_LEVEL = 0;
				GCC_PREPROCESSOR_DEFINITIONS = (
					"DEBUG=1",
					"$(inherited)",
				);
				GCC_WARN_64_TO_32_BIT_CONVERSION = YES;
				GCC_WARN_ABOUT_RETURN_TYPE = YES_ERROR;
				GCC_WARN_UNDECLARED_SELECTOR = YES;
				GCC_WARN_UNINITIALIZED_AUTOS = YES_AGGRESSIVE;
				GCC_WARN_UNUSED_FUNCTION = YES;
				GCC_WARN_UNUSED_VARIABLE = YES;
				IPHONEOS_DEPLOYMENT_TARGET = 16.2;
				MTL_ENABLE_DEBUG_INFO = INCLUDE_SOURCE;
				MTL_FAST_MATH = YES;
				ONLY_ACTIVE_ARCH = YES;
				SDKROOT = iphoneos;
				SWIFT_ACTIVE_COMPILATION_CONDITIONS = DEBUG;
				SWIFT_OPTIMIZATION_LEVEL = "-Onone";
			};
			name = Debug;
		};
		84C4664A2AF8ED8F003DF1CA /* Release */ = {
			isa = XCBuildConfiguration;
			buildSettings = {
				ALWAYS_SEARCH_USER_PATHS = NO;
				CLANG_ANALYZER_NONNULL = YES;
				CLANG_ANALYZER_NUMBER_OBJECT_CONVERSION = YES_AGGRESSIVE;
				CLANG_CXX_LANGUAGE_STANDARD = "gnu++20";
				CLANG_ENABLE_MODULES = YES;
				CLANG_ENABLE_OBJC_ARC = YES;
				CLANG_ENABLE_OBJC_WEAK = YES;
				CLANG_WARN_BLOCK_CAPTURE_AUTORELEASING = YES;
				CLANG_WARN_BOOL_CONVERSION = YES;
				CLANG_WARN_COMMA = YES;
				CLANG_WARN_CONSTANT_CONVERSION = YES;
				CLANG_WARN_DEPRECATED_OBJC_IMPLEMENTATIONS = YES;
				CLANG_WARN_DIRECT_OBJC_ISA_USAGE = YES_ERROR;
				CLANG_WARN_DOCUMENTATION_COMMENTS = YES;
				CLANG_WARN_EMPTY_BODY = YES;
				CLANG_WARN_ENUM_CONVERSION = YES;
				CLANG_WARN_INFINITE_RECURSION = YES;
				CLANG_WARN_INT_CONVERSION = YES;
				CLANG_WARN_NON_LITERAL_NULL_CONVERSION = YES;
				CLANG_WARN_OBJC_IMPLICIT_RETAIN_SELF = YES;
				CLANG_WARN_OBJC_LITERAL_CONVERSION = YES;
				CLANG_WARN_OBJC_ROOT_CLASS = YES_ERROR;
				CLANG_WARN_QUOTED_INCLUDE_IN_FRAMEWORK_HEADER = YES;
				CLANG_WARN_RANGE_LOOP_ANALYSIS = YES;
				CLANG_WARN_STRICT_PROTOTYPES = YES;
				CLANG_WARN_SUSPICIOUS_MOVE = YES;
				CLANG_WARN_UNGUARDED_AVAILABILITY = YES_AGGRESSIVE;
				CLANG_WARN_UNREACHABLE_CODE = YES;
				CLANG_WARN__DUPLICATE_METHOD_MATCH = YES;
				COPY_PHASE_STRIP = NO;
				DEBUG_INFORMATION_FORMAT = "dwarf-with-dsym";
				ENABLE_NS_ASSERTIONS = NO;
				ENABLE_STRICT_OBJC_MSGSEND = YES;
				GCC_C_LANGUAGE_STANDARD = gnu11;
				GCC_NO_COMMON_BLOCKS = YES;
				GCC_WARN_64_TO_32_BIT_CONVERSION = YES;
				GCC_WARN_ABOUT_RETURN_TYPE = YES_ERROR;
				GCC_WARN_UNDECLARED_SELECTOR = YES;
				GCC_WARN_UNINITIALIZED_AUTOS = YES_AGGRESSIVE;
				GCC_WARN_UNUSED_FUNCTION = YES;
				GCC_WARN_UNUSED_VARIABLE = YES;
				IPHONEOS_DEPLOYMENT_TARGET = 16.2;
				MTL_ENABLE_DEBUG_INFO = NO;
				MTL_FAST_MATH = YES;
				SDKROOT = iphoneos;
				SWIFT_COMPILATION_MODE = wholemodule;
				SWIFT_OPTIMIZATION_LEVEL = "-O";
				VALIDATE_PRODUCT = YES;
			};
			name = Release;
		};
		84C4664C2AF8ED8F003DF1CA /* Debug */ = {
			isa = XCBuildConfiguration;
			buildSettings = {
				ASSETCATALOG_COMPILER_APPICON_NAME = AppIcon;
				ASSETCATALOG_COMPILER_GLOBAL_ACCENT_COLOR_NAME = AccentColor;
				CODE_SIGN_STYLE = Automatic;
				CURRENT_PROJECT_VERSION = 1;
				DEVELOPMENT_TEAM = 86HNWWS6QQ;
				GENERATE_INFOPLIST_FILE = YES;
				INFOPLIST_FILE = NewsApp/Info.plist;
				INFOPLIST_KEY_UIApplicationSupportsIndirectInputEvents = YES;
				INFOPLIST_KEY_UILaunchStoryboardName = LaunchScreen;
				INFOPLIST_KEY_UIMainStoryboardFile = "";
				INFOPLIST_KEY_UISupportedInterfaceOrientations = UIInterfaceOrientationPortrait;
				INFOPLIST_KEY_UISupportedInterfaceOrientations_iPad = "UIInterfaceOrientationLandscapeLeft UIInterfaceOrientationLandscapeRight UIInterfaceOrientationPortrait UIInterfaceOrientationPortraitUpsideDown";
				IPHONEOS_DEPLOYMENT_TARGET = 16.0;
				LD_RUNPATH_SEARCH_PATHS = (
					"$(inherited)",
					"@executable_path/Frameworks",
				);
				MARKETING_VERSION = 1.0;
				PRODUCT_BUNDLE_IDENTIFIER = ya.NewsApp;
				PRODUCT_NAME = "$(TARGET_NAME)";
				SUPPORTED_PLATFORMS = "iphoneos iphonesimulator";
				SUPPORTS_MACCATALYST = NO;
				SUPPORTS_MAC_DESIGNED_FOR_IPHONE_IPAD = NO;
				SWIFT_EMIT_LOC_STRINGS = YES;
				SWIFT_VERSION = 5.0;
				TARGETED_DEVICE_FAMILY = 1;
			};
			name = Debug;
		};
		84C4664D2AF8ED8F003DF1CA /* Release */ = {
			isa = XCBuildConfiguration;
			buildSettings = {
				ASSETCATALOG_COMPILER_APPICON_NAME = AppIcon;
				ASSETCATALOG_COMPILER_GLOBAL_ACCENT_COLOR_NAME = AccentColor;
				CODE_SIGN_STYLE = Automatic;
				CURRENT_PROJECT_VERSION = 1;
				DEVELOPMENT_TEAM = 86HNWWS6QQ;
				GENERATE_INFOPLIST_FILE = YES;
				INFOPLIST_FILE = NewsApp/Info.plist;
				INFOPLIST_KEY_UIApplicationSupportsIndirectInputEvents = YES;
				INFOPLIST_KEY_UILaunchStoryboardName = LaunchScreen;
				INFOPLIST_KEY_UIMainStoryboardFile = "";
				INFOPLIST_KEY_UISupportedInterfaceOrientations = UIInterfaceOrientationPortrait;
				INFOPLIST_KEY_UISupportedInterfaceOrientations_iPad = "UIInterfaceOrientationLandscapeLeft UIInterfaceOrientationLandscapeRight UIInterfaceOrientationPortrait UIInterfaceOrientationPortraitUpsideDown";
				IPHONEOS_DEPLOYMENT_TARGET = 16.0;
				LD_RUNPATH_SEARCH_PATHS = (
					"$(inherited)",
					"@executable_path/Frameworks",
				);
				MARKETING_VERSION = 1.0;
				PRODUCT_BUNDLE_IDENTIFIER = ya.NewsApp;
				PRODUCT_NAME = "$(TARGET_NAME)";
				SUPPORTED_PLATFORMS = "iphoneos iphonesimulator";
				SUPPORTS_MACCATALYST = NO;
				SUPPORTS_MAC_DESIGNED_FOR_IPHONE_IPAD = NO;
				SWIFT_EMIT_LOC_STRINGS = YES;
				SWIFT_VERSION = 5.0;
				TARGETED_DEVICE_FAMILY = 1;
			};
			name = Release;
		};
/* End XCBuildConfiguration section */

/* Begin XCConfigurationList section */
		84C466322AF8ED8C003DF1CA /* Build configuration list for PBXProject "NewsApp" */ = {
			isa = XCConfigurationList;
			buildConfigurations = (
				84C466492AF8ED8F003DF1CA /* Debug */,
				84C4664A2AF8ED8F003DF1CA /* Release */,
			);
			defaultConfigurationIsVisible = 0;
			defaultConfigurationName = Release;
		};
		84C4664B2AF8ED8F003DF1CA /* Build configuration list for PBXNativeTarget "NewsApp" */ = {
			isa = XCConfigurationList;
			buildConfigurations = (
				84C4664C2AF8ED8F003DF1CA /* Debug */,
				84C4664D2AF8ED8F003DF1CA /* Release */,
			);
			defaultConfigurationIsVisible = 0;
			defaultConfigurationName = Release;
		};
/* End XCConfigurationList section */
	};
	rootObject = 84C4662F2AF8ED8C003DF1CA /* Project object */;
}
